id: barb-1-16-to-female-luer-lock
name: "1/16\" barb to female luer lock"
kind: off-the-shelf
design_version: 1.0.0
master_format: none
source_files: []
parameters: {barb_in: "1/16", luer: "female lock"}
derived_files: []
changelog:
  - {version: 1.0.0, date: 2026-09-04, note: "Imported from BoM.md item 5.4 (Generic; AEP0.2). Barb size and luer gender are the critical match."}
